
Microsoft Visual Studio Solution File, Format Version 12.00
# Visual Studio Version 17
VisualStudioVersion = 17.5.002.0
MinimumVisualStudioVersion = 10.0.40219.1
Project("{2150E333-8FDC-42A3-9474-1A3956D46DE8}") = "csharp-prep", "csharp-prep", "{31E61CA3-0122-42A6-A9AD-BC6D5A21A729}"
EndProject
Project("{9A19103F-16F7-4668-BE54-9A1E7A4F7556}") = "Prep1", "csharp-prep\Prep1\Prep1.csproj", "{B6A85DD0-0518-41EA-B44A-D067DF1D1720}"
EndProject
Project("{9A19103F-16F7-4668-BE54-9A1E7A4F7556}") = "Prep2", "csharp-prep\Prep2\Prep2.csproj", "{4352C0F7-C4FC-4FCF-BB26-A16B908E385D}"
EndProject
Project("{9A19103F-16F7-4668-BE54-9A1E7A4F7556}") = "Prep3", "csharp-prep\Prep3\Prep3.csproj", "{A3A3E33D-B69F-4585-9D3C-B6BF7E3F5280}"
EndProject
Project("{9A19103F-16F7-4668-BE54-9A1E7A4F7556}") = "Prep4", "csharp-prep\Prep4\Prep4.csproj", "{3EB8596A-F489-43A2-86D8-C882BF044BA5}"
EndProject
Project("{9A19103F-16F7-4668-BE54-9A1E7A4F7556}") = "Prep5", "csharp-prep\Prep5\Prep5.csproj", "{AE0591A3-AF2E-471B-B383-EC478E67CB28}"
EndProject
Project("{2150E333-8FDC-42A3-9474-1A3956D46DE8}") = "final", "final", "{B3F758B0-03F7-4071-AC65-4CC2FC487A5C}"
EndProject
Project("{9A19103F-16F7-4668-BE54-9A1E7A4F7556}") = "FinalProject", "final\FinalProject\FinalProject.csproj", "{4A545460-FF2F-4D77-AE1F-4BFD8098D229}"
EndProject
Project("{9A19103F-16F7-4668-BE54-9A1E7A4F7556}") = "Foundation1", "final\Foundation1\Foundation1.csproj", "{A80D2804-B93E-454E-A4EC-4A7D77051567}"
EndProject
Project("{9A19103F-16F7-4668-BE54-9A1E7A4F7556}") = "Foundation2", "final\Foundation2\Foundation2.csproj", "{9E5033A2-45C3-459B-8BB1-50CF8ADC9296}"
EndProject
Project("{9A19103F-16F7-4668-BE54-9A1E7A4F7556}") = "Foundation3", "final\Foundation3\Foundation3.csproj", "{E773C943-E78C-43B1-9F5F-AFABBA8C1454}"
EndProject
Project("{9A19103F-16F7-4668-BE54-9A1E7A4F7556}") = "Foundation4", "final\Foundation4\Foundation4.csproj", "{A63795A9-E57C-4158-A2F3-3384510E2784}"
EndProject
Project("{2150E333-8FDC-42A3-9474-1A3956D46DE8}") = "prepare", "prepare", "{E03D3082-9D56-4929-9353-3193FDAACB81}"
EndProject
Project("{9A19103F-16F7-4668-BE54-9A1E7A4F7556}") = "Learning02", "prepare\Learning02\Learning02.csproj", "{F9E1E61C-F767-4ADD-AA4A-43A9FC40FC32}"
EndProject
Project("{9A19103F-16F7-4668-BE54-9A1E7A4F7556}") = "Learning03", "prepare\Learning03\Learning03.csproj", "{A1C3F94D-1CD9-4B64-9ADD-3674D3446212}"
EndProject
Project("{9A19103F-16F7-4668-BE54-9A1E7A4F7556}") = "Learning04", "prepare\Learning04\Learning04.csproj", "{6E99AAFB-A9DA-4276-93C3-12B49F3FA37B}"
EndProject
Project("{9A19103F-16F7-4668-BE54-9A1E7A4F7556}") = "Learning05", "prepare\Learning05\Learning05.csproj", "{2F05EB2C-BF2F-4020-9E15-F79C8E417EAA}"
EndProject
Project("{2150E333-8FDC-42A3-9474-1A3956D46DE8}") = "prove", "prove", "{82543F85-0056-408B-8648-87A70389022D}"
EndProject
Project("{9A19103F-16F7-4668-BE54-9A1E7A4F7556}") = "Develop02", "prove\Develop02\Develop02.csproj", "{D506CBA3-1DC9-4DC4-AC0C-05614F0A67A0}"
EndProject
Project("{9A19103F-16F7-4668-BE54-9A1E7A4F7556}") = "Develop03", "prove\Develop03\Develop03.csproj", "{D1A30C1E-5884-451B-BDA5-65A5CD2A7F9E}"
EndProject
Project("{9A19103F-16F7-4668-BE54-9A1E7A4F7556}") = "Develop04", "prove\Develop04\Develop04.csproj", "{8EDAC26F-DC37-4CFD-8E9D-25CABA1C526A}"
EndProject
Project("{9A19103F-16F7-4668-BE54-9A1E7A4F7556}") = "Develop05", "prove\Develop05\Develop05.csproj", "{12335CA0-7AC9-41FB-9FBD-DC3865E7C578}"
EndProject
Project("{2150E333-8FDC-42A3-9474-1A3956D46DE8}") = "sandbox", "sandbox", "{2E67F342-5C75-447F-ABE7-988FD8CEE88F}"
EndProject
Project("{9A19103F-16F7-4668-BE54-9A1E7A4F7556}") = "Sandbox", "sandbox\Sandbox\Sandbox.csproj", "{7CB0E672-B2AC-429B-B6C9-AF26DEC70289}"
EndProject
Project("{2150E333-8FDC-42A3-9474-1A3956D46DE8}") = "CSE210-hw", "CSE210-hw", "{72EF8FA8-10B9-4AF5-9D33-C964AA2E0723}"
EndProject
Project("{2150E333-8FDC-42A3-9474-1A3956D46DE8}") = "csharp-prep", "csharp-prep", "{AA9BA71C-52DC-45B1-8BA3-92412D8B6C8E}"
EndProject
Project("{9A19103F-16F7-4668-BE54-9A1E7A4F7556}") = "Prep1", "CSE210-hw\csharp-prep\Prep1\Prep1.csproj", "{CCA751DF-CB9E-4D90-ACF7-F0AF86F50C81}"
EndProject
Project("{9A19103F-16F7-4668-BE54-9A1E7A4F7556}") = "Prep2", "CSE210-hw\csharp-prep\Prep2\Prep2.csproj", "{487C4660-988E-4176-A61C-A67E4446E93E}"
EndProject
Project("{9A19103F-16F7-4668-BE54-9A1E7A4F7556}") = "Prep3", "CSE210-hw\csharp-prep\Prep3\Prep3.csproj", "{622F0A07-5EA6-4F21-B4A9-DFF0BCAC12A8}"
EndProject
Project("{9A19103F-16F7-4668-BE54-9A1E7A4F7556}") = "Prep4", "CSE210-hw\csharp-prep\Prep4\Prep4.csproj", "{43C16EBA-79A2-4CA6-BB9B-52B6B4DF149C}"
EndProject
Project("{9A19103F-16F7-4668-BE54-9A1E7A4F7556}") = "Prep5", "CSE210-hw\csharp-prep\Prep5\Prep5.csproj", "{0598B314-F095-4CB4-B523-FB3F95D01339}"
EndProject
Project("{2150E333-8FDC-42A3-9474-1A3956D46DE8}") = "final", "final", "{4DFA9541-1C4A-4890-9EFE-E4696D87C156}"
EndProject
Project("{9A19103F-16F7-4668-BE54-9A1E7A4F7556}") = "FinalProject", "CSE210-hw\final\FinalProject\FinalProject.csproj", "{DFB050D5-F139-4BF7-BFBA-EC82CD4096D9}"
EndProject
Project("{9A19103F-16F7-4668-BE54-9A1E7A4F7556}") = "Foundation1", "CSE210-hw\final\Foundation1\Foundation1.csproj", "{534E805F-B294-4408-BC83-EA11626D7DB4}"
EndProject
Project("{9A19103F-16F7-4668-BE54-9A1E7A4F7556}") = "Foundation2", "CSE210-hw\final\Foundation2\Foundation2.csproj", "{4B456630-F5AE-4C64-8A16-DD079D17433A}"
EndProject
Project("{9A19103F-16F7-4668-BE54-9A1E7A4F7556}") = "Foundation3", "CSE210-hw\final\Foundation3\Foundation3.csproj", "{D204DF9C-BD68-4FEE-8760-3656A748560B}"
EndProject
Project("{9A19103F-16F7-4668-BE54-9A1E7A4F7556}") = "Foundation4", "CSE210-hw\final\Foundation4\Foundation4.csproj", "{64F25FAE-CF78-47C2-BE8D-4CB3AFB7753C}"
EndProject
Project("{2150E333-8FDC-42A3-9474-1A3956D46DE8}") = "prepare", "prepare", "{A4F6697F-2C49-4A91-BDAC-CD88A4BF4142}"
EndProject
Project("{9A19103F-16F7-4668-BE54-9A1E7A4F7556}") = "Learning02", "CSE210-hw\prepare\Learning02\Learning02.csproj", "{3799D9F3-95B0-4C6B-93A4-DD4FD46C40D1}"
EndProject
Project("{9A19103F-16F7-4668-BE54-9A1E7A4F7556}") = "Learning03", "CSE210-hw\prepare\Learning03\Learning03.csproj", "{62A04B96-79CA-4BD2-8AB6-5710C6CCB4D0}"
EndProject
Project("{9A19103F-16F7-4668-BE54-9A1E7A4F7556}") = "Learning04", "CSE210-hw\prepare\Learning04\Learning04.csproj", "{E62E3546-E953-4E1D-8B57-B14048A0CAA2}"
EndProject
Project("{9A19103F-16F7-4668-BE54-9A1E7A4F7556}") = "Learning05", "CSE210-hw\prepare\Learning05\Learning05.csproj", "{BEE8A522-C3DC-4F40-ACFD-2E870EED933E}"
EndProject
Project("{2150E333-8FDC-42A3-9474-1A3956D46DE8}") = "prove", "prove", "{9C4DCFDE-15C3-4EAA-96EC-E7358694606B}"
EndProject
Project("{9A19103F-16F7-4668-BE54-9A1E7A4F7556}") = "Develop02", "CSE210-hw\prove\Develop02\Develop02.csproj", "{257DF900-1E9E-40D2-8AFF-845D206E639A}"
EndProject
Project("{9A19103F-16F7-4668-BE54-9A1E7A4F7556}") = "Develop03", "CSE210-hw\prove\Develop03\Develop03.csproj", "{757FF089-0402-415E-84E5-DA05FF7475D3}"
EndProject
Project("{9A19103F-16F7-4668-BE54-9A1E7A4F7556}") = "Develop04", "CSE210-hw\prove\Develop04\Develop04.csproj", "{068DF954-0D2B-489F-9D3D-0E0E5A2BB244}"
EndProject
Project("{9A19103F-16F7-4668-BE54-9A1E7A4F7556}") = "Develop05", "CSE210-hw\prove\Develop05\Develop05.csproj", "{A1624924-5862-429A-8F67-F963B7A96ED9}"
EndProject
Project("{2150E333-8FDC-42A3-9474-1A3956D46DE8}") = "sandbox", "sandbox", "{A7074368-2F3F-4C9F-ABE2-EA4F2E985BE4}"
EndProject
Project("{9A19103F-16F7-4668-BE54-9A1E7A4F7556}") = "Sandbox", "CSE210-hw\sandbox\Sandbox\Sandbox.csproj", "{937DACCF-229E-4721-804D-14629B728C5B}"
EndProject
Global
	GlobalSection(SolutionConfigurationPlatforms) = preSolution
		Debug|Any CPU = Debug|Any CPU
		Release|Any CPU = Release|Any CPU
	EndGlobalSection
	GlobalSection(ProjectConfigurationPlatforms) = postSolution
		{B6A85DD0-0518-41EA-B44A-D067DF1D1720}.Debug|Any CPU.ActiveCfg = Debug|Any CPU
		{B6A85DD0-0518-41EA-B44A-D067DF1D1720}.Debug|Any CPU.Build.0 = Debug|Any CPU
		{B6A85DD0-0518-41EA-B44A-D067DF1D1720}.Release|Any CPU.ActiveCfg = Release|Any CPU
		{B6A85DD0-0518-41EA-B44A-D067DF1D1720}.Release|Any CPU.Build.0 = Release|Any CPU
		{4352C0F7-C4FC-4FCF-BB26-A16B908E385D}.Debug|Any CPU.ActiveCfg = Debug|Any CPU
		{4352C0F7-C4FC-4FCF-BB26-A16B908E385D}.Debug|Any CPU.Build.0 = Debug|Any CPU
		{4352C0F7-C4FC-4FCF-BB26-A16B908E385D}.Release|Any CPU.ActiveCfg = Release|Any CPU
		{4352C0F7-C4FC-4FCF-BB26-A16B908E385D}.Release|Any CPU.Build.0 = Release|Any CPU
		{A3A3E33D-B69F-4585-9D3C-B6BF7E3F5280}.Debug|Any CPU.ActiveCfg = Debug|Any CPU
		{A3A3E33D-B69F-4585-9D3C-B6BF7E3F5280}.Debug|Any CPU.Build.0 = Debug|Any CPU
		{A3A3E33D-B69F-4585-9D3C-B6BF7E3F5280}.Release|Any CPU.ActiveCfg = Release|Any CPU
		{A3A3E33D-B69F-4585-9D3C-B6BF7E3F5280}.Release|Any CPU.Build.0 = Release|Any CPU
		{3EB8596A-F489-43A2-86D8-C882BF044BA5}.Debug|Any CPU.ActiveCfg = Debug|Any CPU
		{3EB8596A-F489-43A2-86D8-C882BF044BA5}.Debug|Any CPU.Build.0 = Debug|Any CPU
		{3EB8596A-F489-43A2-86D8-C882BF044BA5}.Release|Any CPU.ActiveCfg = Release|Any CPU
		{3EB8596A-F489-43A2-86D8-C882BF044BA5}.Release|Any CPU.Build.0 = Release|Any CPU
		{AE0591A3-AF2E-471B-B383-EC478E67CB28}.Debug|Any CPU.ActiveCfg = Debug|Any CPU
		{AE0591A3-AF2E-471B-B383-EC478E67CB28}.Debug|Any CPU.Build.0 = Debug|Any CPU
		{AE0591A3-AF2E-471B-B383-EC478E67CB28}.Release|Any CPU.ActiveCfg = Release|Any CPU
		{AE0591A3-AF2E-471B-B383-EC478E67CB28}.Release|Any CPU.Build.0 = Release|Any CPU
		{4A545460-FF2F-4D77-AE1F-4BFD8098D229}.Debug|Any CPU.ActiveCfg = Debug|Any CPU
		{4A545460-FF2F-4D77-AE1F-4BFD8098D229}.Debug|Any CPU.Build.0 = Debug|Any CPU
		{4A545460-FF2F-4D77-AE1F-4BFD8098D229}.Release|Any CPU.ActiveCfg = Release|Any CPU
		{4A545460-FF2F-4D77-AE1F-4BFD8098D229}.Release|Any CPU.Build.0 = Release|Any CPU
		{A80D2804-B93E-454E-A4EC-4A7D77051567}.Debug|Any CPU.ActiveCfg = Debug|Any CPU
		{A80D2804-B93E-454E-A4EC-4A7D77051567}.Debug|Any CPU.Build.0 = Debug|Any CPU
		{A80D2804-B93E-454E-A4EC-4A7D77051567}.Release|Any CPU.ActiveCfg = Release|Any CPU
		{A80D2804-B93E-454E-A4EC-4A7D77051567}.Release|Any CPU.Build.0 = Release|Any CPU
		{9E5033A2-45C3-459B-8BB1-50CF8ADC9296}.Debug|Any CPU.ActiveCfg = Debug|Any CPU
		{9E5033A2-45C3-459B-8BB1-50CF8ADC9296}.Debug|Any CPU.Build.0 = Debug|Any CPU
		{9E5033A2-45C3-459B-8BB1-50CF8ADC9296}.Release|Any CPU.ActiveCfg = Release|Any CPU
		{9E5033A2-45C3-459B-8BB1-50CF8ADC9296}.Release|Any CPU.Build.0 = Release|Any CPU
		{E773C943-E78C-43B1-9F5F-AFABBA8C1454}.Debug|Any CPU.ActiveCfg = Debug|Any CPU
		{E773C943-E78C-43B1-9F5F-AFABBA8C1454}.Debug|Any CPU.Build.0 = Debug|Any CPU
		{E773C943-E78C-43B1-9F5F-AFABBA8C1454}.Release|Any CPU.ActiveCfg = Release|Any CPU
		{E773C943-E78C-43B1-9F5F-AFABBA8C1454}.Release|Any CPU.Build.0 = Release|Any CPU
		{A63795A9-E57C-4158-A2F3-3384510E2784}.Debug|Any CPU.ActiveCfg = Debug|Any CPU
		{A63795A9-E57C-4158-A2F3-3384510E2784}.Debug|Any CPU.Build.0 = Debug|Any CPU
		{A63795A9-E57C-4158-A2F3-3384510E2784}.Release|Any CPU.ActiveCfg = Release|Any CPU
		{A63795A9-E57C-4158-A2F3-3384510E2784}.Release|Any CPU.Build.0 = Release|Any CPU
		{F9E1E61C-F767-4ADD-AA4A-43A9FC40FC32}.Debug|Any CPU.ActiveCfg = Debug|Any CPU
		{F9E1E61C-F767-4ADD-AA4A-43A9FC40FC32}.Debug|Any CPU.Build.0 = Debug|Any CPU
		{F9E1E61C-F767-4ADD-AA4A-43A9FC40FC32}.Release|Any CPU.ActiveCfg = Release|Any CPU
		{F9E1E61C-F767-4ADD-AA4A-43A9FC40FC32}.Release|Any CPU.Build.0 = Release|Any CPU
		{A1C3F94D-1CD9-4B64-9ADD-3674D3446212}.Debug|Any CPU.ActiveCfg = Debug|Any CPU
		{A1C3F94D-1CD9-4B64-9ADD-3674D3446212}.Debug|Any CPU.Build.0 = Debug|Any CPU
		{A1C3F94D-1CD9-4B64-9ADD-3674D3446212}.Release|Any CPU.ActiveCfg = Release|Any CPU
		{A1C3F94D-1CD9-4B64-9ADD-3674D3446212}.Release|Any CPU.Build.0 = Release|Any CPU
		{6E99AAFB-A9DA-4276-93C3-12B49F3FA37B}.Debug|Any CPU.ActiveCfg = Debug|Any CPU
		{6E99AAFB-A9DA-4276-93C3-12B49F3FA37B}.Debug|Any CPU.Build.0 = Debug|Any CPU
		{6E99AAFB-A9DA-4276-93C3-12B49F3FA37B}.Release|Any CPU.ActiveCfg = Release|Any CPU
		{6E99AAFB-A9DA-4276-93C3-12B49F3FA37B}.Release|Any CPU.Build.0 = Release|Any CPU
		{2F05EB2C-BF2F-4020-9E15-F79C8E417EAA}.Debug|Any CPU.ActiveCfg = Debug|Any CPU
		{2F05EB2C-BF2F-4020-9E15-F79C8E417EAA}.Debug|Any CPU.Build.0 = Debug|Any CPU
		{2F05EB2C-BF2F-4020-9E15-F79C8E417EAA}.Release|Any CPU.ActiveCfg = Release|Any CPU
		{2F05EB2C-BF2F-4020-9E15-F79C8E417EAA}.Release|Any CPU.Build.0 = Release|Any CPU
		{D506CBA3-1DC9-4DC4-AC0C-05614F0A67A0}.Debug|Any CPU.ActiveCfg = Debug|Any CPU
		{D506CBA3-1DC9-4DC4-AC0C-05614F0A67A0}.Debug|Any CPU.Build.0 = Debug|Any CPU
		{D506CBA3-1DC9-4DC4-AC0C-05614F0A67A0}.Release|Any CPU.ActiveCfg = Release|Any CPU
		{D506CBA3-1DC9-4DC4-AC0C-05614F0A67A0}.Release|Any CPU.Build.0 = Release|Any CPU
		{D1A30C1E-5884-451B-BDA5-65A5CD2A7F9E}.Debug|Any CPU.ActiveCfg = Debug|Any CPU
		{D1A30C1E-5884-451B-BDA5-65A5CD2A7F9E}.Debug|Any CPU.Build.0 = Debug|Any CPU
		{D1A30C1E-5884-451B-BDA5-65A5CD2A7F9E}.Release|Any CPU.ActiveCfg = Release|Any CPU
		{D1A30C1E-5884-451B-BDA5-65A5CD2A7F9E}.Release|Any CPU.Build.0 = Release|Any CPU
		{8EDAC26F-DC37-4CFD-8E9D-25CABA1C526A}.Debug|Any CPU.ActiveCfg = Debug|Any CPU
		{8EDAC26F-DC37-4CFD-8E9D-25CABA1C526A}.Debug|Any CPU.Build.0 = Debug|Any CPU
		{8EDAC26F-DC37-4CFD-8E9D-25CABA1C526A}.Release|Any CPU.ActiveCfg = Release|Any CPU
		{8EDAC26F-DC37-4CFD-8E9D-25CABA1C526A}.Release|Any CPU.Build.0 = Release|Any CPU
		{12335CA0-7AC9-41FB-9FBD-DC3865E7C578}.Debug|Any CPU.ActiveCfg = Debug|Any CPU
		{12335CA0-7AC9-41FB-9FBD-DC3865E7C578}.Debug|Any CPU.Build.0 = Debug|Any CPU
		{12335CA0-7AC9-41FB-9FBD-DC3865E7C578}.Release|Any CPU.ActiveCfg = Release|Any CPU
		{12335CA0-7AC9-41FB-9FBD-DC3865E7C578}.Release|Any CPU.Build.0 = Release|Any CPU
		{7CB0E672-B2AC-429B-B6C9-AF26DEC70289}.Debug|Any CPU.ActiveCfg = Debug|Any CPU
		{7CB0E672-B2AC-429B-B6C9-AF26DEC70289}.Debug|Any CPU.Build.0 = Debug|Any CPU
		{7CB0E672-B2AC-429B-B6C9-AF26DEC70289}.Release|Any CPU.ActiveCfg = Release|Any CPU
		{7CB0E672-B2AC-429B-B6C9-AF26DEC70289}.Release|Any CPU.Build.0 = Release|Any CPU
		{CCA751DF-CB9E-4D90-ACF7-F0AF86F50C81}.Debug|Any CPU.ActiveCfg = Debug|Any CPU
		{CCA751DF-CB9E-4D90-ACF7-F0AF86F50C81}.Debug|Any CPU.Build.0 = Debug|Any CPU
		{CCA751DF-CB9E-4D90-ACF7-F0AF86F50C81}.Release|Any CPU.ActiveCfg = Release|Any CPU
		{CCA751DF-CB9E-4D90-ACF7-F0AF86F50C81}.Release|Any CPU.Build.0 = Release|Any CPU
		{487C4660-988E-4176-A61C-A67E4446E93E}.Debug|Any CPU.ActiveCfg = Debug|Any CPU
		{487C4660-988E-4176-A61C-A67E4446E93E}.Debug|Any CPU.Build.0 = Debug|Any CPU
		{487C4660-988E-4176-A61C-A67E4446E93E}.Release|Any CPU.ActiveCfg = Release|Any CPU
		{487C4660-988E-4176-A61C-A67E4446E93E}.Release|Any CPU.Build.0 = Release|Any CPU
		{622F0A07-5EA6-4F21-B4A9-DFF0BCAC12A8}.Debug|Any CPU.ActiveCfg = Debug|Any CPU
		{622F0A07-5EA6-4F21-B4A9-DFF0BCAC12A8}.Debug|Any CPU.Build.0 = Debug|Any CPU
		{622F0A07-5EA6-4F21-B4A9-DFF0BCAC12A8}.Release|Any CPU.ActiveCfg = Release|Any CPU
		{622F0A07-5EA6-4F21-B4A9-DFF0BCAC12A8}.Release|Any CPU.Build.0 = Release|Any CPU
		{43C16EBA-79A2-4CA6-BB9B-52B6B4DF149C}.Debug|Any CPU.ActiveCfg = Debug|Any CPU
		{43C16EBA-79A2-4CA6-BB9B-52B6B4DF149C}.Debug|Any CPU.Build.0 = Debug|Any CPU
		{43C16EBA-79A2-4CA6-BB9B-52B6B4DF149C}.Release|Any CPU.ActiveCfg = Release|Any CPU
		{43C16EBA-79A2-4CA6-BB9B-52B6B4DF149C}.Release|Any CPU.Build.0 = Release|Any CPU
		{0598B314-F095-4CB4-B523-FB3F95D01339}.Debug|Any CPU.ActiveCfg = Debug|Any CPU
		{0598B314-F095-4CB4-B523-FB3F95D01339}.Debug|Any CPU.Build.0 = Debug|Any CPU
		{0598B314-F095-4CB4-B523-FB3F95D01339}.Release|Any CPU.ActiveCfg = Release|Any CPU
		{0598B314-F095-4CB4-B523-FB3F95D01339}.Release|Any CPU.Build.0 = Release|Any CPU
		{DFB050D5-F139-4BF7-BFBA-EC82CD4096D9}.Debug|Any CPU.ActiveCfg = Debug|Any CPU
		{DFB050D5-F139-4BF7-BFBA-EC82CD4096D9}.Debug|Any CPU.Build.0 = Debug|Any CPU
		{DFB050D5-F139-4BF7-BFBA-EC82CD4096D9}.Release|Any CPU.ActiveCfg = Release|Any CPU
		{DFB050D5-F139-4BF7-BFBA-EC82CD4096D9}.Release|Any CPU.Build.0 = Release|Any CPU
		{534E805F-B294-4408-BC83-EA11626D7DB4}.Debug|Any CPU.ActiveCfg = Debug|Any CPU
		{534E805F-B294-4408-BC83-EA11626D7DB4}.Debug|Any CPU.Build.0 = Debug|Any CPU
		{534E805F-B294-4408-BC83-EA11626D7DB4}.Release|Any CPU.ActiveCfg = Release|Any CPU
		{534E805F-B294-4408-BC83-EA11626D7DB4}.Release|Any CPU.Build.0 = Release|Any CPU
		{4B456630-F5AE-4C64-8A16-DD079D17433A}.Debug|Any CPU.ActiveCfg = Debug|Any CPU
		{4B456630-F5AE-4C64-8A16-DD079D17433A}.Debug|Any CPU.Build.0 = Debug|Any CPU
		{4B456630-F5AE-4C64-8A16-DD079D17433A}.Release|Any CPU.ActiveCfg = Release|Any CPU
		{4B456630-F5AE-4C64-8A16-DD079D17433A}.Release|Any CPU.Build.0 = Release|Any CPU
		{D204DF9C-BD68-4FEE-8760-3656A748560B}.Debug|Any CPU.ActiveCfg = Debug|Any CPU
		{D204DF9C-BD68-4FEE-8760-3656A748560B}.Debug|Any CPU.Build.0 = Debug|Any CPU
		{D204DF9C-BD68-4FEE-8760-3656A748560B}.Release|Any CPU.ActiveCfg = Release|Any CPU
		{D204DF9C-BD68-4FEE-8760-3656A748560B}.Release|Any CPU.Build.0 = Release|Any CPU
		{64F25FAE-CF78-47C2-BE8D-4CB3AFB7753C}.Debug|Any CPU.ActiveCfg = Debug|Any CPU
		{64F25FAE-CF78-47C2-BE8D-4CB3AFB7753C}.Debug|Any CPU.Build.0 = Debug|Any CPU
		{64F25FAE-CF78-47C2-BE8D-4CB3AFB7753C}.Release|Any CPU.ActiveCfg = Release|Any CPU
		{64F25FAE-CF78-47C2-BE8D-4CB3AFB7753C}.Release|Any CPU.Build.0 = Release|Any CPU
		{3799D9F3-95B0-4C6B-93A4-DD4FD46C40D1}.Debug|Any CPU.ActiveCfg = Debug|Any CPU
		{3799D9F3-95B0-4C6B-93A4-DD4FD46C40D1}.Debug|Any CPU.Build.0 = Debug|Any CPU
		{3799D9F3-95B0-4C6B-93A4-DD4FD46C40D1}.Release|Any CPU.ActiveCfg = Release|Any CPU
		{3799D9F3-95B0-4C6B-93A4-DD4FD46C40D1}.Release|Any CPU.Build.0 = Release|Any CPU
		{62A04B96-79CA-4BD2-8AB6-5710C6CCB4D0}.Debug|Any CPU.ActiveCfg = Debug|Any CPU
		{62A04B96-79CA-4BD2-8AB6-5710C6CCB4D0}.Debug|Any CPU.Build.0 = Debug|Any CPU
		{62A04B96-79CA-4BD2-8AB6-5710C6CCB4D0}.Release|Any CPU.ActiveCfg = Release|Any CPU
		{62A04B96-79CA-4BD2-8AB6-5710C6CCB4D0}.Release|Any CPU.Build.0 = Release|Any CPU
		{E62E3546-E953-4E1D-8B57-B14048A0CAA2}.Debug|Any CPU.ActiveCfg = Debug|Any CPU
		{E62E3546-E953-4E1D-8B57-B14048A0CAA2}.Debug|Any CPU.Build.0 = Debug|Any CPU
		{E62E3546-E953-4E1D-8B57-B14048A0CAA2}.Release|Any CPU.ActiveCfg = Release|Any CPU
		{E62E3546-E953-4E1D-8B57-B14048A0CAA2}.Release|Any CPU.Build.0 = Release|Any CPU
		{BEE8A522-C3DC-4F40-ACFD-2E870EED933E}.Debug|Any CPU.ActiveCfg = Debug|Any CPU
		{BEE8A522-C3DC-4F40-ACFD-2E870EED933E}.Debug|Any CPU.Build.0 = Debug|Any CPU
		{BEE8A522-C3DC-4F40-ACFD-2E870EED933E}.Release|Any CPU.ActiveCfg = Release|Any CPU
		{BEE8A522-C3DC-4F40-ACFD-2E870EED933E}.Release|Any CPU.Build.0 = Release|Any CPU
		{257DF900-1E9E-40D2-8AFF-845D206E639A}.Debug|Any CPU.ActiveCfg = Debug|Any CPU
		{257DF900-1E9E-40D2-8AFF-845D206E639A}.Debug|Any CPU.Build.0 = Debug|Any CPU
		{257DF900-1E9E-40D2-8AFF-845D206E639A}.Release|Any CPU.ActiveCfg = Release|Any CPU
		{257DF900-1E9E-40D2-8AFF-845D206E639A}.Release|Any CPU.Build.0 = Release|Any CPU
		{757FF089-0402-415E-84E5-DA05FF7475D3}.Debug|Any CPU.ActiveCfg = Debug|Any CPU
		{757FF089-0402-415E-84E5-DA05FF7475D3}.Debug|Any CPU.Build.0 = Debug|Any CPU
		{757FF089-0402-415E-84E5-DA05FF7475D3}.Release|Any CPU.ActiveCfg = Release|Any CPU
		{757FF089-0402-415E-84E5-DA05FF7475D3}.Release|Any CPU.Build.0 = Release|Any CPU
		{068DF954-0D2B-489F-9D3D-0E0E5A2BB244}.Debug|Any CPU.ActiveCfg = Debug|Any CPU
		{068DF954-0D2B-489F-9D3D-0E0E5A2BB244}.Debug|Any CPU.Build.0 = Debug|Any CPU
		{068DF954-0D2B-489F-9D3D-0E0E5A2BB244}.Release|Any CPU.ActiveCfg = Release|Any CPU
		{068DF954-0D2B-489F-9D3D-0E0E5A2BB244}.Release|Any CPU.Build.0 = Release|Any CPU
		{A1624924-5862-429A-8F67-F963B7A96ED9}.Debug|Any CPU.ActiveCfg = Debug|Any CPU
		{A1624924-5862-429A-8F67-F963B7A96ED9}.Debug|Any CPU.Build.0 = Debug|Any CPU
		{A1624924-5862-429A-8F67-F963B7A96ED9}.Release|Any CPU.ActiveCfg = Release|Any CPU
		{A1624924-5862-429A-8F67-F963B7A96ED9}.Release|Any CPU.Build.0 = Release|Any CPU
		{937DACCF-229E-4721-804D-14629B728C5B}.Debug|Any CPU.ActiveCfg = Debug|Any CPU
		{937DACCF-229E-4721-804D-14629B728C5B}.Debug|Any CPU.Build.0 = Debug|Any CPU
		{937DACCF-229E-4721-804D-14629B728C5B}.Release|Any CPU.ActiveCfg = Release|Any CPU
		{937DACCF-229E-4721-804D-14629B728C5B}.Release|Any CPU.Build.0 = Release|Any CPU
	EndGlobalSection
	GlobalSection(SolutionProperties) = preSolution
		HideSolutionNode = FALSE
	EndGlobalSection
	GlobalSection(NestedProjects) = preSolution
		{B6A85DD0-0518-41EA-B44A-D067DF1D1720} = {31E61CA3-0122-42A6-A9AD-BC6D5A21A729}
		{4352C0F7-C4FC-4FCF-BB26-A16B908E385D} = {31E61CA3-0122-42A6-A9AD-BC6D5A21A729}
		{A3A3E33D-B69F-4585-9D3C-B6BF7E3F5280} = {31E61CA3-0122-42A6-A9AD-BC6D5A21A729}
		{3EB8596A-F489-43A2-86D8-C882BF044BA5} = {31E61CA3-0122-42A6-A9AD-BC6D5A21A729}
		{AE0591A3-AF2E-471B-B383-EC478E67CB28} = {31E61CA3-0122-42A6-A9AD-BC6D5A21A729}
		{4A545460-FF2F-4D77-AE1F-4BFD8098D229} = {B3F758B0-03F7-4071-AC65-4CC2FC487A5C}
		{A80D2804-B93E-454E-A4EC-4A7D77051567} = {B3F758B0-03F7-4071-AC65-4CC2FC487A5C}
		{9E5033A2-45C3-459B-8BB1-50CF8ADC9296} = {B3F758B0-03F7-4071-AC65-4CC2FC487A5C}
		{E773C943-E78C-43B1-9F5F-AFABBA8C1454} = {B3F758B0-03F7-4071-AC65-4CC2FC487A5C}
		{A63795A9-E57C-4158-A2F3-3384510E2784} = {B3F758B0-03F7-4071-AC65-4CC2FC487A5C}
		{F9E1E61C-F767-4ADD-AA4A-43A9FC40FC32} = {E03D3082-9D56-4929-9353-3193FDAACB81}
		{A1C3F94D-1CD9-4B64-9ADD-3674D3446212} = {E03D3082-9D56-4929-9353-3193FDAACB81}
		{6E99AAFB-A9DA-4276-93C3-12B49F3FA37B} = {E03D3082-9D56-4929-9353-3193FDAACB81}
		{2F05EB2C-BF2F-4020-9E15-F79C8E417EAA} = {E03D3082-9D56-4929-9353-3193FDAACB81}
		{D506CBA3-1DC9-4DC4-AC0C-05614F0A67A0} = {82543F85-0056-408B-8648-87A70389022D}
		{D1A30C1E-5884-451B-BDA5-65A5CD2A7F9E} = {82543F85-0056-408B-8648-87A70389022D}
		{8EDAC26F-DC37-4CFD-8E9D-25CABA1C526A} = {82543F85-0056-408B-8648-87A70389022D}
		{12335CA0-7AC9-41FB-9FBD-DC3865E7C578} = {82543F85-0056-408B-8648-87A70389022D}
		{7CB0E672-B2AC-429B-B6C9-AF26DEC70289} = {2E67F342-5C75-447F-ABE7-988FD8CEE88F}
		{AA9BA71C-52DC-45B1-8BA3-92412D8B6C8E} = {72EF8FA8-10B9-4AF5-9D33-C964AA2E0723}
		{CCA751DF-CB9E-4D90-ACF7-F0AF86F50C81} = {AA9BA71C-52DC-45B1-8BA3-92412D8B6C8E}
		{487C4660-988E-4176-A61C-A67E4446E93E} = {AA9BA71C-52DC-45B1-8BA3-92412D8B6C8E}
		{622F0A07-5EA6-4F21-B4A9-DFF0BCAC12A8} = {AA9BA71C-52DC-45B1-8BA3-92412D8B6C8E}
		{43C16EBA-79A2-4CA6-BB9B-52B6B4DF149C} = {AA9BA71C-52DC-45B1-8BA3-92412D8B6C8E}
		{0598B314-F095-4CB4-B523-FB3F95D01339} = {AA9BA71C-52DC-45B1-8BA3-92412D8B6C8E}
		{4DFA9541-1C4A-4890-9EFE-E4696D87C156} = {72EF8FA8-10B9-4AF5-9D33-C964AA2E0723}
		{DFB050D5-F139-4BF7-BFBA-EC82CD4096D9} = {4DFA9541-1C4A-4890-9EFE-E4696D87C156}
		{534E805F-B294-4408-BC83-EA11626D7DB4} = {4DFA9541-1C4A-4890-9EFE-E4696D87C156}
		{4B456630-F5AE-4C64-8A16-DD079D17433A} = {4DFA9541-1C4A-4890-9EFE-E4696D87C156}
		{D204DF9C-BD68-4FEE-8760-3656A748560B} = {4DFA9541-1C4A-4890-9EFE-E4696D87C156}
		{64F25FAE-CF78-47C2-BE8D-4CB3AFB7753C} = {4DFA9541-1C4A-4890-9EFE-E4696D87C156}
		{A4F6697F-2C49-4A91-BDAC-CD88A4BF4142} = {72EF8FA8-10B9-4AF5-9D33-C964AA2E0723}
		{3799D9F3-95B0-4C6B-93A4-DD4FD46C40D1} = {A4F6697F-2C49-4A91-BDAC-CD88A4BF4142}
		{62A04B96-79CA-4BD2-8AB6-5710C6CCB4D0} = {A4F6697F-2C49-4A91-BDAC-CD88A4BF4142}
		{E62E3546-E953-4E1D-8B57-B14048A0CAA2} = {A4F6697F-2C49-4A91-BDAC-CD88A4BF4142}
		{BEE8A522-C3DC-4F40-ACFD-2E870EED933E} = {A4F6697F-2C49-4A91-BDAC-CD88A4BF4142}
		{9C4DCFDE-15C3-4EAA-96EC-E7358694606B} = {72EF8FA8-10B9-4AF5-9D33-C964AA2E0723}
		{257DF900-1E9E-40D2-8AFF-845D206E639A} = {9C4DCFDE-15C3-4EAA-96EC-E7358694606B}
		{757FF089-0402-415E-84E5-DA05FF7475D3} = {9C4DCFDE-15C3-4EAA-96EC-E7358694606B}
		{068DF954-0D2B-489F-9D3D-0E0E5A2BB244} = {9C4DCFDE-15C3-4EAA-96EC-E7358694606B}
		{A1624924-5862-429A-8F67-F963B7A96ED9} = {9C4DCFDE-15C3-4EAA-96EC-E7358694606B}
		{A7074368-2F3F-4C9F-ABE2-EA4F2E985BE4} = {72EF8FA8-10B9-4AF5-9D33-C964AA2E0723}
		{937DACCF-229E-4721-804D-14629B728C5B} = {A7074368-2F3F-4C9F-ABE2-EA4F2E985BE4}
	EndGlobalSection
	GlobalSection(ExtensibilityGlobals) = postSolution
		SolutionGuid = {F9C25AC2-5839-4FD5-B7C0-1109EE7A76D3}
	EndGlobalSection
EndGlobal
