
Microsoft Visual Studio Solution File, Format Version 12.00
# Visual Studio Version 17
VisualStudioVersion = 17.5.002.0
MinimumVisualStudioVersion = 10.0.40219.1
Project("{9A19103F-16F7-4668-BE54-9A1E7A4F7556}") = "Develop05", "Develop05.csproj", "{F482D34B-8164-40CB-911B-D08BBCC5255E}"
EndProject
Global
	GlobalSection(SolutionConfigurationPlatforms) = preSolution
		Debug|Any CPU = Debug|Any CPU
		Release|Any CPU = Release|Any CPU
	EndGlobalSection
	GlobalSection(ProjectConfigurationPlatforms) = postSolution
		{F482D34B-8164-40CB-911B-D08BBCC5255E}.Debug|Any CPU.ActiveCfg = Debug|Any CPU
		{F482D34B-8164-40CB-911B-D08BBCC5255E}.Debug|Any CPU.Build.0 = Debug|Any CPU
		{F482D34B-8164-40CB-911B-D08BBCC5255E}.Release|Any CPU.ActiveCfg = Release|Any CPU
		{F482D34B-8164-40CB-911B-D08BBCC5255E}.Release|Any CPU.Build.0 = Release|Any CPU
	EndGlobalSection
	GlobalSection(SolutionProperties) = preSolution
		HideSolutionNode = FALSE
	EndGlobalSection
	GlobalSection(ExtensibilityGlobals) = postSolution
		SolutionGuid = {88743BDD-0E36-421D-8A13-79BDC6163133}
	EndGlobalSection
EndGlobal
